// !$*UTF8*$!
{
	archiveVersion = 1;
	classes = {
	};
	objectVersion = 48;
	objects = {

/* Begin PBXBuildFile section */
		E7597911218F06C9002EAB26 /* AppDelegate.swift in Sources */ = {isa = PBXBuildFile; fileRef = E7597910218F06C9002EAB26 /* AppDelegate.swift */; };
		E7597916218F06C9002EAB26 /* Main.storyboard in Resources */ = {isa = PBXBuildFile; fileRef = E7597914218F06C9002EAB26 /* Main.storyboard */; };
		E7597918218F06C9002EAB26 /* Assets.xcassets in Resources */ = {isa = PBXBuildFile; fileRef = E7597917218F06C9002EAB26 /* Assets.xcassets */; };
		E759791B218F06C9002EAB26 /* LaunchScreen.storyboard in Resources */ = {isa = PBXBuildFile; fileRef = E7597919218F06C9002EAB26 /* LaunchScreen.storyboard */; };
		E7597923218F0750002EAB26 /* CollectionViewController.swift in Sources */ = {isa = PBXBuildFile; fileRef = E7597922218F0750002EAB26 /* CollectionViewController.swift */; };
		E7C6CF3D2192BDCA005B5734 /* CollectionViewCell.swift in Sources */ = {isa = PBXBuildFile; fileRef = E7C6CF3C2192BDCA005B5734 /* CollectionViewCell.swift */; };
		E7C6CF3F2192C026005B5734 /* PhotoLibrary.swift in Sources */ = {isa = PBXBuildFile; fileRef = E7C6CF3E2192C026005B5734 /* PhotoLibrary.swift */; };
/* End PBXBuildFile section */

/* Begin PBXFileReference section */
		E759790D218F06C9002EAB26 /* UIcollectionview_Demo.app */ = {isa = PBXFileReference; explicitFileType = wrapper.application; includeInIndex = 0; path = UIcollectionview_Demo.app; sourceTree = BUILT_PRODUCTS_DIR; };
		E7597910218F06C9002EAB26 /* AppDelegate.swift */ = {isa = PBXFileReference; lastKnownFileType = sourcecode.swift; path = AppDelegate.swift; sourceTree = "<group>"; };
		E7597915218F06C9002EAB26 /* Base */ = {isa = PBXFileReference; lastKnownFileType = file.storyboard; name = Base; path = Base.lproj/Main.storyboard; sourceTree = "<group>"; };
		E7597917218F06C9002EAB26 /* Assets.xcassets */ = {isa = PBXFileReference; lastKnownFileType = folder.assetcatalog; path = Assets.xcassets; sourceTree = "<group>"; };
		E759791A218F06C9002EAB26 /* Base */ = {isa = PBXFileReference; lastKnownFileType = file.storyboard; name = Base; path = Base.lproj/LaunchScreen.storyboard; sourceTree = "<group>"; };
		E759791C218F06C9002EAB26 /* Info.plist */ = {isa = PBXFileReference; lastKnownFileType = text.plist.xml; path = Info.plist; sourceTree = "<group>"; };
		E7597922218F0750002EAB26 /* CollectionViewController.swift */ = {isa = PBXFileReference; lastKnownFileType = sourcecode.swift; path = CollectionViewController.swift; sourceTree = "<group>"; };
		E7C6CF3C2192BDCA005B5734 /* CollectionViewCell.swift */ = {isa = PBXFileReference; lastKnownFileType = sourcecode.swift; path = CollectionViewCell.swift; sourceTree = "<group>"; };
		E7C6CF3E2192C026005B5734 /* PhotoLibrary.swift */ = {isa = PBXFileReference; lastKnownFileType = sourcecode.swift; path = PhotoLibrary.swift; sourceTree = "<group>"; };
/* End PBXFileReference section */

/* Begin PBXFrameworksBuildPhase section */
		E759790A218F06C9002EAB26 /* Frameworks */ = {
			isa = PBXFrameworksBuildPhase;
			buildActionMask = 2147483647;
			files = (
			);
			runOnlyForDeploymentPostprocessing = 0;
		};
/* End PBXFrameworksBuildPhase section */

/* Begin PBXGroup section */
		E7597904218F06C9002EAB26 = {
			isa = PBXGroup;
			children = (
				E759790F218F06C9002EAB26 /* UIcollectionview_Demo */,
				E759790E218F06C9002EAB26 /* Products */,
			);
			sourceTree = "<group>";
		};
		E759790E218F06C9002EAB26 /* Products */ = {
			isa = PBXGroup;
			children = (
				E759790D218F06C9002EAB26 /* UIcollectionview_Demo.app */,
			);
			name = Products;
			sourceTree = "<group>";
		};
		E759790F218F06C9002EAB26 /* UIcollectionview_Demo */ = {
			isa = PBXGroup;
			children = (
				E7597910218F06C9002EAB26 /* AppDelegate.swift */,
				E7597914218F06C9002EAB26 /* Main.storyboard */,
				E7597917218F06C9002EAB26 /* Assets.xcassets */,
				E7597919218F06C9002EAB26 /* LaunchScreen.storyboard */,
				E759791C218F06C9002EAB26 /* Info.plist */,
				E7597922218F0750002EAB26 /* CollectionViewController.swift */,
				E7C6CF3C2192BDCA005B5734 /* CollectionViewCell.swift */,
				E7C6CF3E2192C026005B5734 /* PhotoLibrary.swift */,
			);
			path = UIcollectionview_Demo;
			sourceTree = "<group>";
		};
/* End PBXGroup section */

/* Begin PBXNativeTarget section */
		E759790C218F06C9002EAB26 /* UIcollectionview_Demo */ = {
			isa = PBXNativeTarget;
			buildConfigurationList = E759791F218F06C9002EAB26 /* Build configuration list for PBXNativeTarget "UIcollectionview_Demo" */;
			buildPhases = (
				E7597909218F06C9002EAB26 /* Sources */,
				E759790A218F06C9002EAB26 /* Frameworks */,
				E759790B218F06C9002EAB26 /* Resources */,
			);
			buildRules = (
			);
			dependencies = (
			);
			name = UIcollectionview_Demo;
			productName = UIcollectionview_Demo;
			productReference = E759790D218F06C9002EAB26 /* UIcollectionview_Demo.app */;
			productType = "com.apple.product-type.application";
		};
/* End PBXNativeTarget section */

/* Begin PBXProject section */
		E7597905218F06C9002EAB26 /* Project object */ = {
			isa = PBXProject;
			attributes = {
				LastSwiftUpdateCheck = 0920;
				LastUpgradeCheck = 0920;
				ORGANIZATIONNAME = NguyenHoangSon;
				TargetAttributes = {
					E759790C218F06C9002EAB26 = {
						CreatedOnToolsVersion = 9.2;
						ProvisioningStyle = Automatic;
					};
				};
			};
			buildConfigurationList = E7597908218F06C9002EAB26 /* Build configuration list for PBXProject "UIcollectionview_Demo" */;
			compatibilityVersion = "Xcode 8.0";
			developmentRegion = en;
			hasScannedForEncodings = 0;
			knownRegions = (
				en,
				Base,
			);
			mainGroup = E7597904218F06C9002EAB26;
			productRefGroup = E759790E218F06C9002EAB26 /* Products */;
			projectDirPath = "";
			projectRoot = "";
			targets = (
				E759790C218F06C9002EAB26 /* UIcollectionview_Demo */,
			);
		};
/* End PBXProject section */

/* Begin PBXResourcesBuildPhase section */
		E759790B218F06C9002EAB26 /* Resources */ = {
			isa = PBXResourcesBuildPhase;
			buildActionMask = 2147483647;
			files = (
				E759791B218F06C9002EAB26 /* LaunchScreen.storyboard in Resources */,
				E7597918218F06C9002EAB26 /* Assets.xcassets in Resources */,
				E7597916218F06C9002EAB26 /* Main.storyboard in Resources */,
			);
			runOnlyForDeploymentPostprocessing = 0;
		};
/* End PBXResourcesBuildPhase section */

/* Begin PBXSourcesBuildPhase section */
		E7597909218F06C9002EAB26 /* Sources */ = {
			isa = PBXSourcesBuildPhase;
			buildActionMask = 2147483647;
			files = (
				E7C6CF3F2192C026005B5734 /* PhotoLibrary.swift in Sources */,
				E7597923218F0750002EAB26 /* CollectionViewController.swift in Sources */,
				E7597911218F06C9002EAB26 /* AppDelegate.swift in Sources */,
				E7C6CF3D2192BDCA005B5734 /* CollectionViewCell.swift in Sources */,
			);
			runOnlyForDeploymentPostprocessing = 0;
		};
/* End PBXSourcesBuildPhase section */

/* Begin PBXVariantGroup section */
		E7597914218F06C9002EAB26 /* Main.storyboard */ = {
			isa = PBXVariantGroup;
			children = (
				E7597915218F06C9002EAB26 /* Base */,
			);
			name = Main.storyboard;
			sourceTree = "<group>";
		};
		E7597919218F06C9002EAB26 /* LaunchScreen.storyboard */ = {
			isa = PBXVariantGroup;
			children = (
				E759791A218F06C9002EAB26 /* Base */,
			);
			name = LaunchScreen.storyboard;
			sourceTree = "<group>";
		};
/* End PBXVariantGroup section */

/* Begin XCBuildConfiguration section */
		E759791D218F06C9002EAB26 /* Debug */ = {
			isa = XCBuildConfiguration;
			buildSettings = {
				ALWAYS_SEARCH_USER_PATHS = NO;
				CLANG_ANALYZER_NONNULL = YES;
				CLANG_ANALYZER_NUMBER_OBJECT_CONVERSION = YES_AGGRESSIVE;
				CLANG_CXX_LANGUAGE_STANDARD = "gnu++14";
				CLANG_CXX_LIBRARY = "libc++";
				CLANG_ENABLE_MODULES = YES;
				CLANG_ENABLE_OBJC_ARC = YES;
				CLANG_WARN_BLOCK_CAPTURE_AUTORELEASING = YES;
				CLANG_WARN_BOOL_CONVERSION = YES;
				CLANG_WARN_COMMA = YES;
				CLANG_WARN_CONSTANT_CONVERSION = YES;
				CLANG_WARN_DIRECT_OBJC_ISA_USAGE = YES_ERROR;
				CLANG_WARN_DOCUMENTATION_COMMENTS = YES;
				CLANG_WARN_EMPTY_BODY = YES;
				CLANG_WARN_ENUM_CONVERSION = YES;
				CLANG_WARN_INFINITE_RECURSION = YES;
				CLANG_WARN_INT_CONVERSION = YES;
				CLANG_WARN_NON_LITERAL_NULL_CONVERSION = YES;
				CLANG_WARN_OBJC_LITERAL_CONVERSION = YES;
				CLANG_WARN_OBJC_ROOT_CLASS = YES_ERROR;
				CLANG_WARN_RANGE_LOOP_ANALYSIS = YES;
				CLANG_WARN_STRICT_PROTOTYPES = YES;
				CLANG_WARN_SUSPICIOUS_MOVE = YES;
				CLANG_WARN_UNGUARDED_AVAILABILITY = YES_AGGRESSIVE;
				CLANG_WARN_UNREACHABLE_CODE = YES;
				CLANG_WARN__DUPLICATE_METHOD_MATCH = YES;
				CODE_SIGN_IDENTITY = "iPhone Developer";
				COPY_PHASE_STRIP = NO;
				DEBUG_INFORMATION_FORMAT = dwarf;
				ENABLE_STRICT_OBJC_MSGSEND = YES;
				ENABLE_TESTABILITY = YES;
				GCC_C_LANGUAGE_STANDARD = gnu11;
				GCC_DYNAMIC_NO_PIC = NO;
				GCC_NO_COMMON_BLOCKS = YES;
				GCC_OPTIMIZATION_LEVEL = 0;
				GCC_PREPROCESSOR_DEFINITIONS = (
					"DEBUG=1",
					"$(inherited)",
				);
				GCC_WARN_64_TO_32_BIT_CONVERSION = YES;
				GCC_WARN_ABOUT_RETURN_TYPE = YES_ERROR;
				GCC_WARN_UNDECLARED_SELECTOR = YES;
				GCC_WARN_UNINITIALIZED_AUTOS = YES_AGGRESSIVE;
				GCC_WARN_UNUSED_FUNCTION = YES;
				GCC_WARN_UNUSED_VARIABLE = YES;
				IPHONEOS_DEPLOYMENT_TARGET = 11.2;
				MTL_ENABLE_DEBUG_INFO = YES;
				ONLY_ACTIVE_ARCH = YES;
				SDKROOT = iphoneos;
				SWIFT_ACTIVE_COMPILATION_CONDITIONS = DEBUG;
				SWIFT_OPTIMIZATION_LEVEL = "-Onone";
			};
			name = Debug;
		};
		E759791E218F06C9002EAB26 /* Release */ = {
			isa = XCBuildConfiguration;
			buildSettings = {
				ALWAYS_SEARCH_USER_PATHS = NO;
				CLANG_ANALYZER_NONNULL = YES;
				CLANG_ANALYZER_NUMBER_OBJECT_CONVERSION = YES_AGGRESSIVE;
				CLANG_CXX_LANGUAGE_STANDARD = "gnu++14";
				CLANG_CXX_LIBRARY = "libc++";
				CLANG_ENABLE_MODULES = YES;
				CLANG_ENABLE_OBJC_ARC = YES;
				CLANG_WARN_BLOCK_CAPTURE_AUTORELEASING = YES;
				CLANG_WARN_BOOL_CONVERSION = YES;
				CLANG_WARN_COMMA = YES;
				CLANG_WARN_CONSTANT_CONVERSION = YES;
				CLANG_WARN_DIRECT_OBJC_ISA_USAGE = YES_ERROR;
				CLANG_WARN_DOCUMENTATION_COMMENTS = YES;
				CLANG_WARN_EMPTY_BODY = YES;
				CLANG_WARN_ENUM_CONVERSION = YES;
				CLANG_WARN_INFINITE_RECURSION = YES;
				CLANG_WARN_INT_CONVERSION = YES;
				CLANG_WARN_NON_LITERAL_NULL_CONVERSION = YES;
				CLANG_WARN_OBJC_LITERAL_CONVERSION = YES;
				CLANG_WARN_OBJC_ROOT_CLASS = YES_ERROR;
				CLANG_WARN_RANGE_LOOP_ANALYSIS = YES;
				CLANG_WARN_STRICT_PROTOTYPES = YES;
				CLANG_WARN_SUSPICIOUS_MOVE = YES;
				CLANG_WARN_UNGUARDED_AVAILABILITY = YES_AGGRESSIVE;
				CLANG_WARN_UNREACHABLE_CODE = YES;
				CLANG_WARN__DUPLICATE_METHOD_MATCH = YES;
				CODE_SIGN_IDENTITY = "iPhone Developer";
				COPY_PHASE_STRIP = NO;
				DEBUG_INFORMATION_FORMAT = "dwarf-with-dsym";
				ENABLE_NS_ASSERTIONS = NO;
				ENABLE_STRICT_OBJC_MSGSEND = YES;
				GCC_C_LANGUAGE_STANDARD = gnu11;
				GCC_NO_COMMON_BLOCKS = YES;
				GCC_WARN_64_TO_32_BIT_CONVERSION = YES;
				GCC_WARN_ABOUT_RETURN_TYPE = YES_ERROR;
				GCC_WARN_UNDECLARED_SELECTOR = YES;
				GCC_WARN_UNINITIALIZED_AUTOS = YES_AGGRESSIVE;
				GCC_WARN_UNUSED_FUNCTION = YES;
				GCC_WARN_UNUSED_VARIABLE = YES;
				IPHONEOS_DEPLOYMENT_TARGET = 11.2;
				MTL_ENABLE_DEBUG_INFO = NO;
				SDKROOT = iphoneos;
				SWIFT_OPTIMIZATION_LEVEL = "-Owholemodule";
				VALIDATE_PRODUCT = YES;
			};
			name = Release;
		};
		E7597920218F06C9002EAB26 /* Debug */ = {
			isa = XCBuildConfiguration;
			buildSettings = {
				ASSETCATALOG_COMPILER_APPICON_NAME = AppIcon;
				CODE_SIGN_STYLE = Automatic;
				INFOPLIST_FILE = UIcollectionview_Demo/Info.plist;
				LD_RUNPATH_SEARCH_PATHS = "$(inherited) @executable_path/Frameworks";
				PRODUCT_BUNDLE_IDENTIFIER = "com.NguyenHoangSon.UIcollectionview-Demo";
				PRODUCT_NAME = "$(TARGET_NAME)";
				SWIFT_VERSION = 4.0;
				TARGETED_DEVICE_FAMILY = "1,2";
			};
			name = Debug;
		};
		E7597921218F06C9002EAB26 /* Release */ = {
			isa = XCBuildConfiguration;
			buildSettings = {
				ASSETCATALOG_COMPILER_APPICON_NAME = AppIcon;
				CODE_SIGN_STYLE = Automatic;
				INFOPLIST_FILE = UIcollectionview_Demo/Info.plist;
				LD_RUNPATH_SEARCH_PATHS = "$(inherited) @executable_path/Frameworks";
				PRODUCT_BUNDLE_IDENTIFIER = "com.NguyenHoangSon.UIcollectionview-Demo";
				PRODUCT_NAME = "$(TARGET_NAME)";
				SWIFT_VERSION = 4.0;
				TARGETED_DEVICE_FAMILY = "1,2";
			};
			name = Release;
		};
/* End XCBuildConfiguration section */

/* Begin XCConfigurationList section */
		E7597908218F06C9002EAB26 /* Build configuration list for PBXProject "UIcollectionview_Demo" */ = {
			isa = XCConfigurationList;
			buildConfigurations = (
				E759791D218F06C9002EAB26 /* Debug */,
				E759791E218F06C9002EAB26 /* Release */,
			);
			defaultConfigurationIsVisible = 0;
			defaultConfigurationName = Release;
		};
		E759791F218F06C9002EAB26 /* Build configuration list for PBXNativeTarget "UIcollectionview_Demo" */ = {
			isa = XCConfigurationList;
			buildConfigurations = (
				E7597920218F06C9002EAB26 /* Debug */,
				E7597921218F06C9002EAB26 /* Release */,
			);
			defaultConfigurationIsVisible = 0;
			defaultConfigurationName = Release;
		};
/* End XCConfigurationList section */
	};
	rootObject = E7597905218F06C9002EAB26 /* Project object */;
}
